// !$*UTF8*$!
{
	archiveVersion = 1;
	classes = {
	};
	objectVersion = 55;
	objects = {

/* Begin PBXBuildFile section */
		079D4225202E41CFA5F4FADC /* MatchInfo.DAO.swift in Sources */ = {isa = PBXBuildFile; fileRef = 2EDDD4D3619D92E0CF369A2E /* MatchInfo.DAO.swift */; };
		36421BF6F5FA748D3CD29E04 /* DAO.swift in Sources */ = {isa = PBXBuildFile; fileRef = 6ADBB8696A82E83A8A0FA365 /* DAO.swift */; };
		374501A633D4473504DB2329 /* SubwayInfo.swift in Sources */ = {isa = PBXBuildFile; fileRef = CE03FB59CAC4467620750198 /* SubwayInfo.swift */; };
		3E2C00CE2C9F839CB5A449BA /* Dummy.swift in Sources */ = {isa = PBXBuildFile; fileRef = 8F5A60D4CDA88B351E0CD859 /* Dummy.swift */; };
		62C4FA25A5D2B68AD248D1CE /* Profile.DAO.swift in Sources */ = {isa = PBXBuildFile; fileRef = 3850DCD677C4371B1FD0E53D /* Profile.DAO.swift */; };
		9B24738621F14D7208989824 /* DataModelConverter.swift in Sources */ = {isa = PBXBuildFile; fileRef = 7366EDE8523FA2D7E8CBF1F8 /* DataModelConverter.swift */; };
		A01A780DB01E8E34FCEDF064 /* MBTI.swift in Sources */ = {isa = PBXBuildFile; fileRef = B5422D5870688D629697EE72 /* MBTI.swift */; };
		A7731722AD26181D6EBEE9A0 /* Entity.framework in Frameworks */ = {isa = PBXBuildFile; fileRef = 6D3D722D8A39C97CE4035A34 /* Entity.framework */; };
		E66C7E0EBC21CE3F6BC899B7 /* MatchingInfo.swift in Sources */ = {isa = PBXBuildFile; fileRef = 67F124A25DEBF4FD42525B67 /* MatchingInfo.swift */; };
		FD33702D6E5F1BE95A90571B /* Profile.swift in Sources */ = {isa = PBXBuildFile; fileRef = 7AE450C59371EACC73BF395B /* Profile.swift */; };
/* End PBXBuildFile section */

/* Begin PBXContainerItemProxy section */
		22A8F0073A67C0084E049956 /* PBXContainerItemProxy */ = {
			isa = PBXContainerItemProxy;
			containerPortal = C0331ED0A44E915A96750580 /* Project object */;
			proxyType = 1;
			remoteGlobalIDString = 042DC66B2D24AF498EE37349;
			remoteInfo = Entity;
		};
/* End PBXContainerItemProxy section */

/* Begin PBXCopyFilesBuildPhase section */
		9029698398B431466FD13A5B /* Embed Frameworks */ = {
			isa = PBXCopyFilesBuildPhase;
			buildActionMask = 2147483647;
			dstPath = "";
			dstSubfolderSpec = 10;
			files = (
			);
			name = "Embed Frameworks";
			runOnlyForDeploymentPostprocessing = 0;
		};
		EE4D2DC9DAB7D622F2DCB391 /* Embed Frameworks */ = {
			isa = PBXCopyFilesBuildPhase;
			buildActionMask = 2147483647;
			dstPath = "";
			dstSubfolderSpec = 10;
			files = (
			);
			name = "Embed Frameworks";
			runOnlyForDeploymentPostprocessing = 0;
		};
/* End PBXCopyFilesBuildPhase section */

/* Begin PBXFileReference section */
		2EDDD4D3619D92E0CF369A2E /* MatchInfo.DAO.swift */ = {isa = PBXFileReference; lastKnownFileType = sourcecode.swift; path = MatchInfo.DAO.swift; sourceTree = "<group>"; };
		3850DCD677C4371B1FD0E53D /* Profile.DAO.swift */ = {isa = PBXFileReference; lastKnownFileType = sourcecode.swift; path = Profile.DAO.swift; sourceTree = "<group>"; };
		67F124A25DEBF4FD42525B67 /* MatchingInfo.swift */ = {isa = PBXFileReference; lastKnownFileType = sourcecode.swift; path = MatchingInfo.swift; sourceTree = "<group>"; };
		6ADBB8696A82E83A8A0FA365 /* DAO.swift */ = {isa = PBXFileReference; lastKnownFileType = sourcecode.swift; path = DAO.swift; sourceTree = "<group>"; };
		6D3D722D8A39C97CE4035A34 /* Entity.framework */ = {isa = PBXFileReference; explicitFileType = wrapper.framework; includeInIndex = 0; path = Entity.framework; sourceTree = BUILT_PRODUCTS_DIR; };
		7366EDE8523FA2D7E8CBF1F8 /* DataModelConverter.swift */ = {isa = PBXFileReference; lastKnownFileType = sourcecode.swift; path = DataModelConverter.swift; sourceTree = "<group>"; };
		7AE450C59371EACC73BF395B /* Profile.swift */ = {isa = PBXFileReference; lastKnownFileType = sourcecode.swift; path = Profile.swift; sourceTree = "<group>"; };
		8F5A60D4CDA88B351E0CD859 /* Dummy.swift */ = {isa = PBXFileReference; lastKnownFileType = sourcecode.swift; path = Dummy.swift; sourceTree = "<group>"; };
		A74AA0F8625D0A07993367BF /* EntityTests.xctest */ = {isa = PBXFileReference; explicitFileType = wrapper.cfbundle; includeInIndex = 0; path = EntityTests.xctest; sourceTree = BUILT_PRODUCTS_DIR; };
		B5422D5870688D629697EE72 /* MBTI.swift */ = {isa = PBXFileReference; lastKnownFileType = sourcecode.swift; path = MBTI.swift; sourceTree = "<group>"; };
		CE03FB59CAC4467620750198 /* SubwayInfo.swift */ = {isa = PBXFileReference; lastKnownFileType = sourcecode.swift; path = SubwayInfo.swift; sourceTree = "<group>"; };
		D8E21D4AEFA7909A196470C7 /* EntityTests-Info.plist */ = {isa = PBXFileReference; lastKnownFileType = text.plist; path = "EntityTests-Info.plist"; sourceTree = "<group>"; };
		EC3F3B371A50B9040A79757C /* Entity-Info.plist */ = {isa = PBXFileReference; lastKnownFileType = text.plist; path = "Entity-Info.plist"; sourceTree = "<group>"; };
/* End PBXFileReference section */

/* Begin PBXFrameworksBuildPhase section */
		78B48D204637ED43D873D9F8 /* Frameworks */ = {
			isa = PBXFrameworksBuildPhase;
			buildActionMask = 2147483647;
			files = (
			);
			runOnlyForDeploymentPostprocessing = 0;
		};
		FA17CF35C3DFE2D8CAE7571C /* Frameworks */ = {
			isa = PBXFrameworksBuildPhase;
			buildActionMask = 2147483647;
			files = (
				A7731722AD26181D6EBEE9A0 /* Entity.framework in Frameworks */,
			);
			runOnlyForDeploymentPostprocessing = 0;
		};
/* End PBXFrameworksBuildPhase section */

/* Begin PBXGroup section */
		02918B4D1B951DDA9F766FFF /* Models */ = {
			isa = PBXGroup;
			children = (
				67F124A25DEBF4FD42525B67 /* MatchingInfo.swift */,
				B5422D5870688D629697EE72 /* MBTI.swift */,
				7AE450C59371EACC73BF395B /* Profile.swift */,
				CE03FB59CAC4467620750198 /* SubwayInfo.swift */,
			);
			path = Models;
			sourceTree = "<group>";
		};
		1873F6099D362D9B2BF81C8A /* DAOs */ = {
			isa = PBXGroup;
			children = (
				6ADBB8696A82E83A8A0FA365 /* DAO.swift */,
				2EDDD4D3619D92E0CF369A2E /* MatchInfo.DAO.swift */,
				3850DCD677C4371B1FD0E53D /* Profile.DAO.swift */,
			);
			path = DAOs;
			sourceTree = "<group>";
		};
		26D9E8A91BF23A64D372DEA7 /* InfoPlists */ = {
			isa = PBXGroup;
			children = (
				EC3F3B371A50B9040A79757C /* Entity-Info.plist */,
				D8E21D4AEFA7909A196470C7 /* EntityTests-Info.plist */,
			);
			path = InfoPlists;
			sourceTree = "<group>";
		};
		8FB6C9C872CCB5E74C151C4E /* Tests */ = {
			isa = PBXGroup;
			children = (
				8F5A60D4CDA88B351E0CD859 /* Dummy.swift */,
			);
			path = Tests;
			sourceTree = "<group>";
		};
		94848A92B2439CAF097F53A8 = {
			isa = PBXGroup;
			children = (
				9626F25F75590DD7421AF872 /* Project */,
				BFF353ABC01AAA0A9CB14C11 /* Products */,
			);
			sourceTree = "<group>";
		};
		9626F25F75590DD7421AF872 /* Project */ = {
			isa = PBXGroup;
			children = (
				E22B0573C6119F4E241BB889 /* Derived */,
				F84F561EE26EEAB65CBD9853 /* Sources */,
				8FB6C9C872CCB5E74C151C4E /* Tests */,
			);
			name = Project;
			sourceTree = "<group>";
		};
		BFF353ABC01AAA0A9CB14C11 /* Products */ = {
			isa = PBXGroup;
			children = (
				6D3D722D8A39C97CE4035A34 /* Entity.framework */,
				A74AA0F8625D0A07993367BF /* EntityTests.xctest */,
			);
			name = Products;
			sourceTree = "<group>";
		};
		E22B0573C6119F4E241BB889 /* Derived */ = {
			isa = PBXGroup;
			children = (
				26D9E8A91BF23A64D372DEA7 /* InfoPlists */,
			);
			path = Derived;
			sourceTree = "<group>";
		};
		F84F561EE26EEAB65CBD9853 /* Sources */ = {
			isa = PBXGroup;
			children = (
				1873F6099D362D9B2BF81C8A /* DAOs */,
				02918B4D1B951DDA9F766FFF /* Models */,
				7366EDE8523FA2D7E8CBF1F8 /* DataModelConverter.swift */,
			);
			path = Sources;
			sourceTree = "<group>";
		};
/* End PBXGroup section */

/* Begin PBXNativeTarget section */
		042DC66B2D24AF498EE37349 /* Entity */ = {
			isa = PBXNativeTarget;
			buildConfigurationList = DC419A0F2B583904708FB322 /* Build configuration list for PBXNativeTarget "Entity" */;
			buildPhases = (
				551FF3CB860B67C3FA82D28D /* Sources */,
				03E6AE5A1CAF748C505A2A3E /* Resources */,
				EE4D2DC9DAB7D622F2DCB391 /* Embed Frameworks */,
				78B48D204637ED43D873D9F8 /* Frameworks */,
			);
			buildRules = (
			);
			dependencies = (
			);
			name = Entity;
			productName = Entity;
			productReference = 6D3D722D8A39C97CE4035A34 /* Entity.framework */;
			productType = "com.apple.product-type.framework";
		};
		ACA09057B39B93DFEB1C02D7 /* EntityTests */ = {
			isa = PBXNativeTarget;
			buildConfigurationList = 32AAC9132B73A146D1DE0D45 /* Build configuration list for PBXNativeTarget "EntityTests" */;
			buildPhases = (
				133B8F55E9CFC25681C86110 /* Sources */,
				C43682F0DCD246A17A0725E6 /* Resources */,
				9029698398B431466FD13A5B /* Embed Frameworks */,
				FA17CF35C3DFE2D8CAE7571C /* Frameworks */,
			);
			buildRules = (
			);
			dependencies = (
				0EA1C8A00BF8E5182F6952E0 /* PBXTargetDependency */,
			);
			name = EntityTests;
			productName = EntityTests;
			productReference = A74AA0F8625D0A07993367BF /* EntityTests.xctest */;
			productType = "com.apple.product-type.bundle.unit-test";
		};
/* End PBXNativeTarget section */

/* Begin PBXProject section */
		C0331ED0A44E915A96750580 /* Project object */ = {
			isa = PBXProject;
			attributes = {
				BuildIndependentTargetsInParallel = YES;
				TargetAttributes = {
				};
			};
			buildConfigurationList = C85ABA34F5262643211DAA3D /* Build configuration list for PBXProject "Entity" */;
			compatibilityVersion = "Xcode 14.0";
			developmentRegion = en;
			hasScannedForEncodings = 0;
			knownRegions = (
				Base,
				en,
			);
			mainGroup = 94848A92B2439CAF097F53A8;
			productRefGroup = BFF353ABC01AAA0A9CB14C11 /* Products */;
			projectDirPath = "";
			projectRoot = "";
			targets = (
				042DC66B2D24AF498EE37349 /* Entity */,
				ACA09057B39B93DFEB1C02D7 /* EntityTests */,
			);
		};
/* End PBXProject section */

/* Begin PBXResourcesBuildPhase section */
		03E6AE5A1CAF748C505A2A3E /* Resources */ = {
			isa = PBXResourcesBuildPhase;
			buildActionMask = 2147483647;
			files = (
			);
			runOnlyForDeploymentPostprocessing = 0;
		};
		C43682F0DCD246A17A0725E6 /* Resources */ = {
			isa = PBXResourcesBuildPhase;
			buildActionMask = 2147483647;
			files = (
			);
			runOnlyForDeploymentPostprocessing = 0;
		};
/* End PBXResourcesBuildPhase section */

/* Begin PBXSourcesBuildPhase section */
		133B8F55E9CFC25681C86110 /* Sources */ = {
			isa = PBXSourcesBuildPhase;
			buildActionMask = 2147483647;
			files = (
				3E2C00CE2C9F839CB5A449BA /* Dummy.swift in Sources */,
			);
			runOnlyForDeploymentPostprocessing = 0;
		};
		551FF3CB860B67C3FA82D28D /* Sources */ = {
			isa = PBXSourcesBuildPhase;
			buildActionMask = 2147483647;
			files = (
				36421BF6F5FA748D3CD29E04 /* DAO.swift in Sources */,
				079D4225202E41CFA5F4FADC /* MatchInfo.DAO.swift in Sources */,
				62C4FA25A5D2B68AD248D1CE /* Profile.DAO.swift in Sources */,
				9B24738621F14D7208989824 /* DataModelConverter.swift in Sources */,
				A01A780DB01E8E34FCEDF064 /* MBTI.swift in Sources */,
				E66C7E0EBC21CE3F6BC899B7 /* MatchingInfo.swift in Sources */,
				FD33702D6E5F1BE95A90571B /* Profile.swift in Sources */,
				374501A633D4473504DB2329 /* SubwayInfo.swift in Sources */,
			);
			runOnlyForDeploymentPostprocessing = 0;
		};
/* End PBXSourcesBuildPhase section */

/* Begin PBXTargetDependency section */
		0EA1C8A00BF8E5182F6952E0 /* PBXTargetDependency */ = {
			isa = PBXTargetDependency;
			name = Entity;
			target = 042DC66B2D24AF498EE37349 /* Entity */;
			targetProxy = 22A8F0073A67C0084E049956 /* PBXContainerItemProxy */;
		};
/* End PBXTargetDependency section */

/* Begin XCBuildConfiguration section */
		014E3EF12CC85A088CC179E8 /* Debug */ = {
			isa = XCBuildConfiguration;
			buildSettings = {
				ALWAYS_SEARCH_USER_PATHS = NO;
				CLANG_ANALYZER_LOCALIZABILITY_NONLOCALIZED = YES;
				CLANG_ANALYZER_NONNULL = YES;
				CLANG_ANALYZER_NUMBER_OBJECT_CONVERSION = YES_AGGRESSIVE;
				CLANG_CXX_LANGUAGE_STANDARD = "gnu++14";
				CLANG_CXX_LIBRARY = "libc++";
				CLANG_ENABLE_MODULES = YES;
				CLANG_ENABLE_OBJC_ARC = YES;
				CLANG_ENABLE_OBJC_WEAK = YES;
				CLANG_WARN_BLOCK_CAPTURE_AUTORELEASING = YES;
				CLANG_WARN_BOOL_CONVERSION = YES;
				CLANG_WARN_COMMA = YES;
				CLANG_WARN_CONSTANT_CONVERSION = YES;
				CLANG_WARN_DEPRECATED_OBJC_IMPLEMENTATIONS = YES;
				CLANG_WARN_DIRECT_OBJC_ISA_USAGE = YES_ERROR;
				CLANG_WARN_DOCUMENTATION_COMMENTS = YES;
				CLANG_WARN_EMPTY_BODY = YES;
				CLANG_WARN_ENUM_CONVERSION = YES;
				CLANG_WARN_INFINITE_RECURSION = YES;
				CLANG_WARN_INT_CONVERSION = YES;
				CLANG_WARN_NON_LITERAL_NULL_CONVERSION = YES;
				CLANG_WARN_OBJC_IMPLICIT_RETAIN_SELF = YES;
				CLANG_WARN_OBJC_LITERAL_CONVERSION = YES;
				CLANG_WARN_OBJC_ROOT_CLASS = YES_ERROR;
				CLANG_WARN_QUOTED_INCLUDE_IN_FRAMEWORK_HEADER = YES;
				CLANG_WARN_RANGE_LOOP_ANALYSIS = YES;
				CLANG_WARN_STRICT_PROTOTYPES = YES;
				CLANG_WARN_SUSPICIOUS_MOVE = YES;
				CLANG_WARN_UNGUARDED_AVAILABILITY = YES_AGGRESSIVE;
				CLANG_WARN_UNREACHABLE_CODE = YES;
				CLANG_WARN__DUPLICATE_METHOD_MATCH = YES;
				COPY_PHASE_STRIP = NO;
				DEAD_CODE_STRIPPING = YES;
				DEBUG_INFORMATION_FORMAT = dwarf;
				ENABLE_STRICT_OBJC_MSGSEND = YES;
				ENABLE_TESTABILITY = YES;
				GCC_C_LANGUAGE_STANDARD = gnu11;
				GCC_DYNAMIC_NO_PIC = NO;
				GCC_NO_COMMON_BLOCKS = YES;
				GCC_OPTIMIZATION_LEVEL = 0;
				GCC_PREPROCESSOR_DEFINITIONS = (
					"DEBUG=1",
					"$(inherited)",
				);
				GCC_WARN_64_TO_32_BIT_CONVERSION = YES;
				GCC_WARN_ABOUT_RETURN_TYPE = YES_ERROR;
				GCC_WARN_UNDECLARED_SELECTOR = YES;
				GCC_WARN_UNINITIALIZED_AUTOS = YES_AGGRESSIVE;
				GCC_WARN_UNUSED_FUNCTION = YES;
				GCC_WARN_UNUSED_VARIABLE = YES;
				MTL_ENABLE_DEBUG_INFO = YES;
				ONLY_ACTIVE_ARCH = YES;
				PRODUCT_NAME = "$(TARGET_NAME)";
			};
			name = Debug;
		};
		278066F8310C6C693E6B13D5 /* Debug */ = {
			isa = XCBuildConfiguration;
			buildSettings = {
				CODE_SIGN_IDENTITY = "";
				CURRENT_PROJECT_VERSION = 1;
				DEFINES_MODULE = YES;
				DYLIB_COMPATIBILITY_VERSION = 1;
				DYLIB_CURRENT_VERSION = 1;
				DYLIB_INSTALL_NAME_BASE = "@rpath";
				INFOPLIST_FILE = "Derived/InfoPlists/Entity-Info.plist";
				INSTALL_PATH = "$(LOCAL_LIBRARY_DIR)/Frameworks";
				LD_RUNPATH_SEARCH_PATHS = (
					"$(inherited)",
					"@executable_path/Frameworks",
					"@loader_path/Frameworks",
				);
				PRODUCT_BUNDLE_IDENTIFIER = funch.Entity;
				PRODUCT_NAME = Entity;
				SDKROOT = iphoneos;
				SKIP_INSTALL = YES;
				SUPPORTS_MACCATALYST = NO;
				SUPPORTS_MAC_DESIGNED_FOR_IPHONE_IPAD = YES;
				SUPPORTS_XR_DESIGNED_FOR_IPHONE_IPAD = NO;
				SWIFT_ACTIVE_COMPILATION_CONDITIONS = (
					"$(inherited)",
					DEBUG,
				);
				SWIFT_COMPILATION_MODE = singlefile;
				SWIFT_OPTIMIZATION_LEVEL = "-Onone";
				SWIFT_VERSION = 5.0;
				TARGETED_DEVICE_FAMILY = "1,2";
				VERSIONING_SYSTEM = "apple-generic";
				VERSION_INFO_PREFIX = "";
			};
			name = Debug;
		};
		32707959A81D23892F844E08 /* Release */ = {
			isa = XCBuildConfiguration;
			buildSettings = {
				CODE_SIGN_IDENTITY = "iPhone Developer";
				INFOPLIST_FILE = "Derived/InfoPlists/EntityTests-Info.plist";
				LD_RUNPATH_SEARCH_PATHS = (
					"$(inherited)",
					"@executable_path/Frameworks",
					"@loader_path/Frameworks",
				);
				PRODUCT_BUNDLE_IDENTIFIER = funch.Tests;
				PRODUCT_NAME = EntityTests;
				SDKROOT = iphoneos;
				SUPPORTS_MACCATALYST = NO;
				SUPPORTS_MAC_DESIGNED_FOR_IPHONE_IPAD = YES;
				SUPPORTS_XR_DESIGNED_FOR_IPHONE_IPAD = NO;
				SWIFT_COMPILATION_MODE = wholemodule;
				SWIFT_OPTIMIZATION_LEVEL = "-Owholemodule";
				SWIFT_VERSION = 5.0;
				TARGETED_DEVICE_FAMILY = "1,2";
			};
			name = Release;
		};
		38E0C71C45E9126E05BA71B2 /* Release */ = {
			isa = XCBuildConfiguration;
			buildSettings = {
				ALWAYS_SEARCH_USER_PATHS = NO;
				CLANG_ANALYZER_LOCALIZABILITY_NONLOCALIZED = YES;
				CLANG_ANALYZER_NONNULL = YES;
				CLANG_ANALYZER_NUMBER_OBJECT_CONVERSION = YES_AGGRESSIVE;
				CLANG_CXX_LANGUAGE_STANDARD = "gnu++14";
				CLANG_CXX_LIBRARY = "libc++";
				CLANG_ENABLE_MODULES = YES;
				CLANG_ENABLE_OBJC_ARC = YES;
				CLANG_ENABLE_OBJC_WEAK = YES;
				CLANG_WARN_BLOCK_CAPTURE_AUTORELEASING = YES;
				CLANG_WARN_BOOL_CONVERSION = YES;
				CLANG_WARN_COMMA = YES;
				CLANG_WARN_CONSTANT_CONVERSION = YES;
				CLANG_WARN_DEPRECATED_OBJC_IMPLEMENTATIONS = YES;
				CLANG_WARN_DIRECT_OBJC_ISA_USAGE = YES_ERROR;
				CLANG_WARN_DOCUMENTATION_COMMENTS = YES;
				CLANG_WARN_EMPTY_BODY = YES;
				CLANG_WARN_ENUM_CONVERSION = YES;
				CLANG_WARN_INFINITE_RECURSION = YES;
				CLANG_WARN_INT_CONVERSION = YES;
				CLANG_WARN_NON_LITERAL_NULL_CONVERSION = YES;
				CLANG_WARN_OBJC_IMPLICIT_RETAIN_SELF = YES;
				CLANG_WARN_OBJC_LITERAL_CONVERSION = YES;
				CLANG_WARN_OBJC_ROOT_CLASS = YES_ERROR;
				CLANG_WARN_QUOTED_INCLUDE_IN_FRAMEWORK_HEADER = YES;
				CLANG_WARN_RANGE_LOOP_ANALYSIS = YES;
				CLANG_WARN_STRICT_PROTOTYPES = YES;
				CLANG_WARN_SUSPICIOUS_MOVE = YES;
				CLANG_WARN_UNGUARDED_AVAILABILITY = YES_AGGRESSIVE;
				CLANG_WARN_UNREACHABLE_CODE = YES;
				CLANG_WARN__DUPLICATE_METHOD_MATCH = YES;
				COPY_PHASE_STRIP = NO;
				DEAD_CODE_STRIPPING = YES;
				DEBUG_INFORMATION_FORMAT = "dwarf-with-dsym";
				ENABLE_NS_ASSERTIONS = NO;
				ENABLE_STRICT_OBJC_MSGSEND = YES;
				GCC_C_LANGUAGE_STANDARD = gnu11;
				GCC_NO_COMMON_BLOCKS = YES;
				GCC_WARN_64_TO_32_BIT_CONVERSION = YES;
				GCC_WARN_ABOUT_RETURN_TYPE = YES_ERROR;
				GCC_WARN_UNDECLARED_SELECTOR = YES;
				GCC_WARN_UNINITIALIZED_AUTOS = YES_AGGRESSIVE;
				GCC_WARN_UNUSED_FUNCTION = YES;
				GCC_WARN_UNUSED_VARIABLE = YES;
				MTL_ENABLE_DEBUG_INFO = NO;
				PRODUCT_NAME = "$(TARGET_NAME)";
				VALIDATE_PRODUCT = YES;
			};
			name = Release;
		};
		73B8A40ADE8D0D87CD28EAC5 /* Debug */ = {
			isa = XCBuildConfiguration;
			buildSettings = {
				CODE_SIGN_IDENTITY = "iPhone Developer";
				INFOPLIST_FILE = "Derived/InfoPlists/EntityTests-Info.plist";
				LD_RUNPATH_SEARCH_PATHS = (
					"$(inherited)",
					"@executable_path/Frameworks",
					"@loader_path/Frameworks",
				);
				PRODUCT_BUNDLE_IDENTIFIER = funch.Tests;
				PRODUCT_NAME = EntityTests;
				SDKROOT = iphoneos;
				SUPPORTS_MACCATALYST = NO;
				SUPPORTS_MAC_DESIGNED_FOR_IPHONE_IPAD = YES;
				SUPPORTS_XR_DESIGNED_FOR_IPHONE_IPAD = NO;
				SWIFT_ACTIVE_COMPILATION_CONDITIONS = (
					"$(inherited)",
					DEBUG,
				);
				SWIFT_COMPILATION_MODE = singlefile;
				SWIFT_OPTIMIZATION_LEVEL = "-Onone";
				SWIFT_VERSION = 5.0;
				TARGETED_DEVICE_FAMILY = "1,2";
			};
			name = Debug;
		};
		747E7316E5AB29C5ED5596C2 /* Release */ = {
			isa = XCBuildConfiguration;
			buildSettings = {
				CODE_SIGN_IDENTITY = "";
				CURRENT_PROJECT_VERSION = 1;
				DEFINES_MODULE = YES;
				DYLIB_COMPATIBILITY_VERSION = 1;
				DYLIB_CURRENT_VERSION = 1;
				DYLIB_INSTALL_NAME_BASE = "@rpath";
				INFOPLIST_FILE = "Derived/InfoPlists/Entity-Info.plist";
				INSTALL_PATH = "$(LOCAL_LIBRARY_DIR)/Frameworks";
				LD_RUNPATH_SEARCH_PATHS = (
					"$(inherited)",
					"@executable_path/Frameworks",
					"@loader_path/Frameworks",
				);
				PRODUCT_BUNDLE_IDENTIFIER = funch.Entity;
				PRODUCT_NAME = Entity;
				SDKROOT = iphoneos;
				SKIP_INSTALL = YES;
				SUPPORTS_MACCATALYST = NO;
				SUPPORTS_MAC_DESIGNED_FOR_IPHONE_IPAD = YES;
				SUPPORTS_XR_DESIGNED_FOR_IPHONE_IPAD = NO;
				SWIFT_COMPILATION_MODE = wholemodule;
				SWIFT_OPTIMIZATION_LEVEL = "-Owholemodule";
				SWIFT_VERSION = 5.0;
				TARGETED_DEVICE_FAMILY = "1,2";
				VERSIONING_SYSTEM = "apple-generic";
				VERSION_INFO_PREFIX = "";
			};
			name = Release;
		};
/* End XCBuildConfiguration section */

/* Begin XCConfigurationList section */
		32AAC9132B73A146D1DE0D45 /* Build configuration list for PBXNativeTarget "EntityTests" */ = {
			isa = XCConfigurationList;
			buildConfigurations = (
				73B8A40ADE8D0D87CD28EAC5 /* Debug */,
				32707959A81D23892F844E08 /* Release */,
			);
			defaultConfigurationIsVisible = 0;
			defaultConfigurationName = Release;
		};
		C85ABA34F5262643211DAA3D /* Build configuration list for PBXProject "Entity" */ = {
			isa = XCConfigurationList;
			buildConfigurations = (
				014E3EF12CC85A088CC179E8 /* Debug */,
				38E0C71C45E9126E05BA71B2 /* Release */,
			);
			defaultConfigurationIsVisible = 0;
			defaultConfigurationName = Release;
		};
		DC419A0F2B583904708FB322 /* Build configuration list for PBXNativeTarget "Entity" */ = {
			isa = XCConfigurationList;
			buildConfigurations = (
				278066F8310C6C693E6B13D5 /* Debug */,
				747E7316E5AB29C5ED5596C2 /* Release */,
			);
			defaultConfigurationIsVisible = 0;
			defaultConfigurationName = Release;
		};
/* End XCConfigurationList section */
	};
	rootObject = C0331ED0A44E915A96750580 /* Project object */;
}
