// !$*UTF8*$!
{
	archiveVersion = 1;
	classes = {
	};
	objectVersion = 55;
	objects = {

/* Begin PBXBuildFile section */
		29D314DBA580D073815612AE /* OpenURLClient.framework in Frameworks */ = {isa = PBXBuildFile; fileRef = 1B8BD7649B530E386397C589 /* OpenURLClient.framework */; };
		4E843EDA54052A64845AF6E7 /* Dummy.swift in Sources */ = {isa = PBXBuildFile; fileRef = 727683819C1487D73ADF0A1C /* Dummy.swift */; };
		5A9C160E5FA36CFBB857D3F1 /* OpenURLManager.swift in Sources */ = {isa = PBXBuildFile; fileRef = 403757826CF2FF9452628BD8 /* OpenURLManager.swift */; };
/* End PBXBuildFile section */

/* Begin PBXContainerItemProxy section */
		C878CD5EAC115B0AD3453177 /* PBXContainerItemProxy */ = {
			isa = PBXContainerItemProxy;
			containerPortal = 0F2BA6588959712A56899ACB /* Project object */;
			proxyType = 1;
			remoteGlobalIDString = 048E3FE714DC27A572216343;
			remoteInfo = OpenURLClient;
		};
/* End PBXContainerItemProxy section */

/* Begin PBXCopyFilesBuildPhase section */
		991E76E051687072A83AD152 /* Embed Frameworks */ = {
			isa = PBXCopyFilesBuildPhase;
			buildActionMask = 2147483647;
			dstPath = "";
			dstSubfolderSpec = 10;
			files = (
			);
			name = "Embed Frameworks";
			runOnlyForDeploymentPostprocessing = 0;
		};
		A3B84712F4924DE4767906D3 /* Embed Frameworks */ = {
			isa = PBXCopyFilesBuildPhase;
			buildActionMask = 2147483647;
			dstPath = "";
			dstSubfolderSpec = 10;
			files = (
			);
			name = "Embed Frameworks";
			runOnlyForDeploymentPostprocessing = 0;
		};
/* End PBXCopyFilesBuildPhase section */

/* Begin PBXFileReference section */
		1B8BD7649B530E386397C589 /* OpenURLClient.framework */ = {isa = PBXFileReference; explicitFileType = wrapper.framework; includeInIndex = 0; path = OpenURLClient.framework; sourceTree = BUILT_PRODUCTS_DIR; };
		403757826CF2FF9452628BD8 /* OpenURLManager.swift */ = {isa = PBXFileReference; lastKnownFileType = sourcecode.swift; path = OpenURLManager.swift; sourceTree = "<group>"; };
		61EBD6D49175A33FE58C1A5D /* OpenURLClientTests.xctest */ = {isa = PBXFileReference; explicitFileType = wrapper.cfbundle; includeInIndex = 0; path = OpenURLClientTests.xctest; sourceTree = BUILT_PRODUCTS_DIR; };
		727683819C1487D73ADF0A1C /* Dummy.swift */ = {isa = PBXFileReference; lastKnownFileType = sourcecode.swift; path = Dummy.swift; sourceTree = "<group>"; };
		8CFDE658BD56D393D69B8764 /* OpenURLClientTests-Info.plist */ = {isa = PBXFileReference; lastKnownFileType = text.plist; path = "OpenURLClientTests-Info.plist"; sourceTree = "<group>"; };
		A08E3E9561A212CE2CD7969C /* OpenURLClient-Info.plist */ = {isa = PBXFileReference; lastKnownFileType = text.plist; path = "OpenURLClient-Info.plist"; sourceTree = "<group>"; };
/* End PBXFileReference section */

/* Begin PBXFrameworksBuildPhase section */
		445B5D8A4E73800610710D9C /* Frameworks */ = {
			isa = PBXFrameworksBuildPhase;
			buildActionMask = 2147483647;
			files = (
			);
			runOnlyForDeploymentPostprocessing = 0;
		};
		468D68E14C1CCDD92AF1C7A5 /* Frameworks */ = {
			isa = PBXFrameworksBuildPhase;
			buildActionMask = 2147483647;
			files = (
				29D314DBA580D073815612AE /* OpenURLClient.framework in Frameworks */,
			);
			runOnlyForDeploymentPostprocessing = 0;
		};
/* End PBXFrameworksBuildPhase section */

/* Begin PBXGroup section */
		17F64C1561532B0275D38E01 /* Sources */ = {
			isa = PBXGroup;
			children = (
				403757826CF2FF9452628BD8 /* OpenURLManager.swift */,
			);
			path = Sources;
			sourceTree = "<group>";
		};
		1ABA0776EF53883DFF2525FC /* Products */ = {
			isa = PBXGroup;
			children = (
				1B8BD7649B530E386397C589 /* OpenURLClient.framework */,
				61EBD6D49175A33FE58C1A5D /* OpenURLClientTests.xctest */,
			);
			name = Products;
			sourceTree = "<group>";
		};
		7403CD4495D20430BBFD7240 = {
			isa = PBXGroup;
			children = (
				7B2EDFF9E3F6213E7B64BD5A /* Project */,
				1ABA0776EF53883DFF2525FC /* Products */,
			);
			sourceTree = "<group>";
		};
		7B2EDFF9E3F6213E7B64BD5A /* Project */ = {
			isa = PBXGroup;
			children = (
				B7598E2655FE02ECABC29988 /* Derived */,
				17F64C1561532B0275D38E01 /* Sources */,
				9613452D5BA44F843AB3B62A /* Tests */,
			);
			name = Project;
			sourceTree = "<group>";
		};
		9613452D5BA44F843AB3B62A /* Tests */ = {
			isa = PBXGroup;
			children = (
				727683819C1487D73ADF0A1C /* Dummy.swift */,
			);
			path = Tests;
			sourceTree = "<group>";
		};
		B236E8E60A6718662E2330C3 /* InfoPlists */ = {
			isa = PBXGroup;
			children = (
				A08E3E9561A212CE2CD7969C /* OpenURLClient-Info.plist */,
				8CFDE658BD56D393D69B8764 /* OpenURLClientTests-Info.plist */,
			);
			path = InfoPlists;
			sourceTree = "<group>";
		};
		B7598E2655FE02ECABC29988 /* Derived */ = {
			isa = PBXGroup;
			children = (
				B236E8E60A6718662E2330C3 /* InfoPlists */,
			);
			path = Derived;
			sourceTree = "<group>";
		};
/* End PBXGroup section */

/* Begin PBXNativeTarget section */
		048E3FE714DC27A572216343 /* OpenURLClient */ = {
			isa = PBXNativeTarget;
			buildConfigurationList = A53DA3E819F3E3EF6AA3C91E /* Build configuration list for PBXNativeTarget "OpenURLClient" */;
			buildPhases = (
				78431C5BBE49CAFEA618D6BA /* Sources */,
				68585985E9E113523CACE4FE /* Resources */,
				991E76E051687072A83AD152 /* Embed Frameworks */,
				445B5D8A4E73800610710D9C /* Frameworks */,
			);
			buildRules = (
			);
			dependencies = (
			);
			name = OpenURLClient;
			productName = OpenURLClient;
			productReference = 1B8BD7649B530E386397C589 /* OpenURLClient.framework */;
			productType = "com.apple.product-type.framework";
		};
		7EC454323B51D47355E6F05C /* OpenURLClientTests */ = {
			isa = PBXNativeTarget;
			buildConfigurationList = 939797B3236A77DF2ABB2FD6 /* Build configuration list for PBXNativeTarget "OpenURLClientTests" */;
			buildPhases = (
				B97F44F8A419AA882588DB63 /* Sources */,
				37311F9E0E90D593CFCCD8D6 /* Resources */,
				A3B84712F4924DE4767906D3 /* Embed Frameworks */,
				468D68E14C1CCDD92AF1C7A5 /* Frameworks */,
			);
			buildRules = (
			);
			dependencies = (
				5355EA16A3F52A472B1CFDD3 /* PBXTargetDependency */,
			);
			name = OpenURLClientTests;
			productName = OpenURLClientTests;
			productReference = 61EBD6D49175A33FE58C1A5D /* OpenURLClientTests.xctest */;
			productType = "com.apple.product-type.bundle.unit-test";
		};
/* End PBXNativeTarget section */

/* Begin PBXProject section */
		0F2BA6588959712A56899ACB /* Project object */ = {
			isa = PBXProject;
			attributes = {
				BuildIndependentTargetsInParallel = YES;
				TargetAttributes = {
				};
			};
			buildConfigurationList = 5BF43F192502BD47B9CF494B /* Build configuration list for PBXProject "OpenURLClient" */;
			compatibilityVersion = "Xcode 14.0";
			developmentRegion = en;
			hasScannedForEncodings = 0;
			knownRegions = (
				Base,
				en,
			);
			mainGroup = 7403CD4495D20430BBFD7240;
			productRefGroup = 1ABA0776EF53883DFF2525FC /* Products */;
			projectDirPath = "";
			projectRoot = "";
			targets = (
				048E3FE714DC27A572216343 /* OpenURLClient */,
				7EC454323B51D47355E6F05C /* OpenURLClientTests */,
			);
		};
/* End PBXProject section */

/* Begin PBXResourcesBuildPhase section */
		37311F9E0E90D593CFCCD8D6 /* Resources */ = {
			isa = PBXResourcesBuildPhase;
			buildActionMask = 2147483647;
			files = (
			);
			runOnlyForDeploymentPostprocessing = 0;
		};
		68585985E9E113523CACE4FE /* Resources */ = {
			isa = PBXResourcesBuildPhase;
			buildActionMask = 2147483647;
			files = (
			);
			runOnlyForDeploymentPostprocessing = 0;
		};
/* End PBXResourcesBuildPhase section */

/* Begin PBXSourcesBuildPhase section */
		78431C5BBE49CAFEA618D6BA /* Sources */ = {
			isa = PBXSourcesBuildPhase;
			buildActionMask = 2147483647;
			files = (
				5A9C160E5FA36CFBB857D3F1 /* OpenURLManager.swift in Sources */,
			);
			runOnlyForDeploymentPostprocessing = 0;
		};
		B97F44F8A419AA882588DB63 /* Sources */ = {
			isa = PBXSourcesBuildPhase;
			buildActionMask = 2147483647;
			files = (
				4E843EDA54052A64845AF6E7 /* Dummy.swift in Sources */,
			);
			runOnlyForDeploymentPostprocessing = 0;
		};
/* End PBXSourcesBuildPhase section */

/* Begin PBXTargetDependency section */
		5355EA16A3F52A472B1CFDD3 /* PBXTargetDependency */ = {
			isa = PBXTargetDependency;
			name = OpenURLClient;
			target = 048E3FE714DC27A572216343 /* OpenURLClient */;
			targetProxy = C878CD5EAC115B0AD3453177 /* PBXContainerItemProxy */;
		};
/* End PBXTargetDependency section */

/* Begin XCBuildConfiguration section */
		1F6816DB88F674B567FB846C /* Debug */ = {
			isa = XCBuildConfiguration;
			buildSettings = {
				CODE_SIGN_IDENTITY = "";
				CURRENT_PROJECT_VERSION = 1;
				DEFINES_MODULE = YES;
				DYLIB_COMPATIBILITY_VERSION = 1;
				DYLIB_CURRENT_VERSION = 1;
				DYLIB_INSTALL_NAME_BASE = "@rpath";
				INFOPLIST_FILE = "Derived/InfoPlists/OpenURLClient-Info.plist";
				INSTALL_PATH = "$(LOCAL_LIBRARY_DIR)/Frameworks";
				LD_RUNPATH_SEARCH_PATHS = (
					"$(inherited)",
					"@executable_path/Frameworks",
					"@loader_path/Frameworks",
				);
				PRODUCT_BUNDLE_IDENTIFIER = funch.OpenURLClient;
				PRODUCT_NAME = OpenURLClient;
				SDKROOT = iphoneos;
				SKIP_INSTALL = YES;
				SUPPORTS_MACCATALYST = NO;
				SUPPORTS_MAC_DESIGNED_FOR_IPHONE_IPAD = YES;
				SUPPORTS_XR_DESIGNED_FOR_IPHONE_IPAD = NO;
				SWIFT_ACTIVE_COMPILATION_CONDITIONS = (
					"$(inherited)",
					DEBUG,
				);
				SWIFT_COMPILATION_MODE = singlefile;
				SWIFT_OPTIMIZATION_LEVEL = "-Onone";
				SWIFT_VERSION = 5.0;
				TARGETED_DEVICE_FAMILY = "1,2";
				VERSIONING_SYSTEM = "apple-generic";
				VERSION_INFO_PREFIX = "";
			};
			name = Debug;
		};
		813F75AB82183225C03B9EBA /* Release */ = {
			isa = XCBuildConfiguration;
			buildSettings = {
				ALWAYS_SEARCH_USER_PATHS = NO;
				CLANG_ANALYZER_LOCALIZABILITY_NONLOCALIZED = YES;
				CLANG_ANALYZER_NONNULL = YES;
				CLANG_ANALYZER_NUMBER_OBJECT_CONVERSION = YES_AGGRESSIVE;
				CLANG_CXX_LANGUAGE_STANDARD = "gnu++14";
				CLANG_CXX_LIBRARY = "libc++";
				CLANG_ENABLE_MODULES = YES;
				CLANG_ENABLE_OBJC_ARC = YES;
				CLANG_ENABLE_OBJC_WEAK = YES;
				CLANG_WARN_BLOCK_CAPTURE_AUTORELEASING = YES;
				CLANG_WARN_BOOL_CONVERSION = YES;
				CLANG_WARN_COMMA = YES;
				CLANG_WARN_CONSTANT_CONVERSION = YES;
				CLANG_WARN_DEPRECATED_OBJC_IMPLEMENTATIONS = YES;
				CLANG_WARN_DIRECT_OBJC_ISA_USAGE = YES_ERROR;
				CLANG_WARN_DOCUMENTATION_COMMENTS = YES;
				CLANG_WARN_EMPTY_BODY = YES;
				CLANG_WARN_ENUM_CONVERSION = YES;
				CLANG_WARN_INFINITE_RECURSION = YES;
				CLANG_WARN_INT_CONVERSION = YES;
				CLANG_WARN_NON_LITERAL_NULL_CONVERSION = YES;
				CLANG_WARN_OBJC_IMPLICIT_RETAIN_SELF = YES;
				CLANG_WARN_OBJC_LITERAL_CONVERSION = YES;
				CLANG_WARN_OBJC_ROOT_CLASS = YES_ERROR;
				CLANG_WARN_QUOTED_INCLUDE_IN_FRAMEWORK_HEADER = YES;
				CLANG_WARN_RANGE_LOOP_ANALYSIS = YES;
				CLANG_WARN_STRICT_PROTOTYPES = YES;
				CLANG_WARN_SUSPICIOUS_MOVE = YES;
				CLANG_WARN_UNGUARDED_AVAILABILITY = YES_AGGRESSIVE;
				CLANG_WARN_UNREACHABLE_CODE = YES;
				CLANG_WARN__DUPLICATE_METHOD_MATCH = YES;
				COPY_PHASE_STRIP = NO;
				DEAD_CODE_STRIPPING = YES;
				DEBUG_INFORMATION_FORMAT = "dwarf-with-dsym";
				ENABLE_NS_ASSERTIONS = NO;
				ENABLE_STRICT_OBJC_MSGSEND = YES;
				GCC_C_LANGUAGE_STANDARD = gnu11;
				GCC_NO_COMMON_BLOCKS = YES;
				GCC_WARN_64_TO_32_BIT_CONVERSION = YES;
				GCC_WARN_ABOUT_RETURN_TYPE = YES_ERROR;
				GCC_WARN_UNDECLARED_SELECTOR = YES;
				GCC_WARN_UNINITIALIZED_AUTOS = YES_AGGRESSIVE;
				GCC_WARN_UNUSED_FUNCTION = YES;
				GCC_WARN_UNUSED_VARIABLE = YES;
				MTL_ENABLE_DEBUG_INFO = NO;
				PRODUCT_NAME = "$(TARGET_NAME)";
				VALIDATE_PRODUCT = YES;
			};
			name = Release;
		};
		88A697E839648510BA50DC01 /* Debug */ = {
			isa = XCBuildConfiguration;
			buildSettings = {
				CODE_SIGN_IDENTITY = "iPhone Developer";
				INFOPLIST_FILE = "Derived/InfoPlists/OpenURLClientTests-Info.plist";
				LD_RUNPATH_SEARCH_PATHS = (
					"$(inherited)",
					"@executable_path/Frameworks",
					"@loader_path/Frameworks",
				);
				PRODUCT_BUNDLE_IDENTIFIER = funch.OpenURLClientTests;
				PRODUCT_NAME = OpenURLClientTests;
				SDKROOT = iphoneos;
				SUPPORTS_MACCATALYST = NO;
				SUPPORTS_MAC_DESIGNED_FOR_IPHONE_IPAD = YES;
				SUPPORTS_XR_DESIGNED_FOR_IPHONE_IPAD = NO;
				SWIFT_ACTIVE_COMPILATION_CONDITIONS = (
					"$(inherited)",
					DEBUG,
				);
				SWIFT_COMPILATION_MODE = singlefile;
				SWIFT_OPTIMIZATION_LEVEL = "-Onone";
				SWIFT_VERSION = 5.0;
				TARGETED_DEVICE_FAMILY = "1,2";
			};
			name = Debug;
		};
		9A51E016F14085504BD52D95 /* Release */ = {
			isa = XCBuildConfiguration;
			buildSettings = {
				CODE_SIGN_IDENTITY = "iPhone Developer";
				INFOPLIST_FILE = "Derived/InfoPlists/OpenURLClientTests-Info.plist";
				LD_RUNPATH_SEARCH_PATHS = (
					"$(inherited)",
					"@executable_path/Frameworks",
					"@loader_path/Frameworks",
				);
				PRODUCT_BUNDLE_IDENTIFIER = funch.OpenURLClientTests;
				PRODUCT_NAME = OpenURLClientTests;
				SDKROOT = iphoneos;
				SUPPORTS_MACCATALYST = NO;
				SUPPORTS_MAC_DESIGNED_FOR_IPHONE_IPAD = YES;
				SUPPORTS_XR_DESIGNED_FOR_IPHONE_IPAD = NO;
				SWIFT_COMPILATION_MODE = wholemodule;
				SWIFT_OPTIMIZATION_LEVEL = "-Owholemodule";
				SWIFT_VERSION = 5.0;
				TARGETED_DEVICE_FAMILY = "1,2";
			};
			name = Release;
		};
		F23E3F3883C9FCCB6A2E4A5D /* Release */ = {
			isa = XCBuildConfiguration;
			buildSettings = {
				CODE_SIGN_IDENTITY = "";
				CURRENT_PROJECT_VERSION = 1;
				DEFINES_MODULE = YES;
				DYLIB_COMPATIBILITY_VERSION = 1;
				DYLIB_CURRENT_VERSION = 1;
				DYLIB_INSTALL_NAME_BASE = "@rpath";
				INFOPLIST_FILE = "Derived/InfoPlists/OpenURLClient-Info.plist";
				INSTALL_PATH = "$(LOCAL_LIBRARY_DIR)/Frameworks";
				LD_RUNPATH_SEARCH_PATHS = (
					"$(inherited)",
					"@executable_path/Frameworks",
					"@loader_path/Frameworks",
				);
				PRODUCT_BUNDLE_IDENTIFIER = funch.OpenURLClient;
				PRODUCT_NAME = OpenURLClient;
				SDKROOT = iphoneos;
				SKIP_INSTALL = YES;
				SUPPORTS_MACCATALYST = NO;
				SUPPORTS_MAC_DESIGNED_FOR_IPHONE_IPAD = YES;
				SUPPORTS_XR_DESIGNED_FOR_IPHONE_IPAD = NO;
				SWIFT_COMPILATION_MODE = wholemodule;
				SWIFT_OPTIMIZATION_LEVEL = "-Owholemodule";
				SWIFT_VERSION = 5.0;
				TARGETED_DEVICE_FAMILY = "1,2";
				VERSIONING_SYSTEM = "apple-generic";
				VERSION_INFO_PREFIX = "";
			};
			name = Release;
		};
		F654CCC2855D4F9CD27AD90C /* Debug */ = {
			isa = XCBuildConfiguration;
			buildSettings = {
				ALWAYS_SEARCH_USER_PATHS = NO;
				CLANG_ANALYZER_LOCALIZABILITY_NONLOCALIZED = YES;
				CLANG_ANALYZER_NONNULL = YES;
				CLANG_ANALYZER_NUMBER_OBJECT_CONVERSION = YES_AGGRESSIVE;
				CLANG_CXX_LANGUAGE_STANDARD = "gnu++14";
				CLANG_CXX_LIBRARY = "libc++";
				CLANG_ENABLE_MODULES = YES;
				CLANG_ENABLE_OBJC_ARC = YES;
				CLANG_ENABLE_OBJC_WEAK = YES;
				CLANG_WARN_BLOCK_CAPTURE_AUTORELEASING = YES;
				CLANG_WARN_BOOL_CONVERSION = YES;
				CLANG_WARN_COMMA = YES;
				CLANG_WARN_CONSTANT_CONVERSION = YES;
				CLANG_WARN_DEPRECATED_OBJC_IMPLEMENTATIONS = YES;
				CLANG_WARN_DIRECT_OBJC_ISA_USAGE = YES_ERROR;
				CLANG_WARN_DOCUMENTATION_COMMENTS = YES;
				CLANG_WARN_EMPTY_BODY = YES;
				CLANG_WARN_ENUM_CONVERSION = YES;
				CLANG_WARN_INFINITE_RECURSION = YES;
				CLANG_WARN_INT_CONVERSION = YES;
				CLANG_WARN_NON_LITERAL_NULL_CONVERSION = YES;
				CLANG_WARN_OBJC_IMPLICIT_RETAIN_SELF = YES;
				CLANG_WARN_OBJC_LITERAL_CONVERSION = YES;
				CLANG_WARN_OBJC_ROOT_CLASS = YES_ERROR;
				CLANG_WARN_QUOTED_INCLUDE_IN_FRAMEWORK_HEADER = YES;
				CLANG_WARN_RANGE_LOOP_ANALYSIS = YES;
				CLANG_WARN_STRICT_PROTOTYPES = YES;
				CLANG_WARN_SUSPICIOUS_MOVE = YES;
				CLANG_WARN_UNGUARDED_AVAILABILITY = YES_AGGRESSIVE;
				CLANG_WARN_UNREACHABLE_CODE = YES;
				CLANG_WARN__DUPLICATE_METHOD_MATCH = YES;
				COPY_PHASE_STRIP = NO;
				DEAD_CODE_STRIPPING = YES;
				DEBUG_INFORMATION_FORMAT = dwarf;
				ENABLE_STRICT_OBJC_MSGSEND = YES;
				ENABLE_TESTABILITY = YES;
				GCC_C_LANGUAGE_STANDARD = gnu11;
				GCC_DYNAMIC_NO_PIC = NO;
				GCC_NO_COMMON_BLOCKS = YES;
				GCC_OPTIMIZATION_LEVEL = 0;
				GCC_PREPROCESSOR_DEFINITIONS = (
					"DEBUG=1",
					"$(inherited)",
				);
				GCC_WARN_64_TO_32_BIT_CONVERSION = YES;
				GCC_WARN_ABOUT_RETURN_TYPE = YES_ERROR;
				GCC_WARN_UNDECLARED_SELECTOR = YES;
				GCC_WARN_UNINITIALIZED_AUTOS = YES_AGGRESSIVE;
				GCC_WARN_UNUSED_FUNCTION = YES;
				GCC_WARN_UNUSED_VARIABLE = YES;
				MTL_ENABLE_DEBUG_INFO = YES;
				ONLY_ACTIVE_ARCH = YES;
				PRODUCT_NAME = "$(TARGET_NAME)";
			};
			name = Debug;
		};
/* End XCBuildConfiguration section */

/* Begin XCConfigurationList section */
		5BF43F192502BD47B9CF494B /* Build configuration list for PBXProject "OpenURLClient" */ = {
			isa = XCConfigurationList;
			buildConfigurations = (
				F654CCC2855D4F9CD27AD90C /* Debug */,
				813F75AB82183225C03B9EBA /* Release */,
			);
			defaultConfigurationIsVisible = 0;
			defaultConfigurationName = Release;
		};
		939797B3236A77DF2ABB2FD6 /* Build configuration list for PBXNativeTarget "OpenURLClientTests" */ = {
			isa = XCConfigurationList;
			buildConfigurations = (
				88A697E839648510BA50DC01 /* Debug */,
				9A51E016F14085504BD52D95 /* Release */,
			);
			defaultConfigurationIsVisible = 0;
			defaultConfigurationName = Release;
		};
		A53DA3E819F3E3EF6AA3C91E /* Build configuration list for PBXNativeTarget "OpenURLClient" */ = {
			isa = XCConfigurationList;
			buildConfigurations = (
				1F6816DB88F674B567FB846C /* Debug */,
				F23E3F3883C9FCCB6A2E4A5D /* Release */,
			);
			defaultConfigurationIsVisible = 0;
			defaultConfigurationName = Release;
		};
/* End XCConfigurationList section */
	};
	rootObject = 0F2BA6588959712A56899ACB /* Project object */;
}
